{
  "version": 4,
  "terraform_version": "1.9.7",
  "serial": 1,
  "lineage": "3a846ed8-96a4-eb80-9722-77a5d708f116",
  "outputs": {},
  "resources": [
    {
      "mode": "managed",
      "type": "local_file",
      "name": "pets",
      "provider": "provider[\"registry.terraform.io/hashicorp/local\"]",
      "instances": [
        {
          "schema_version": 0,
          "attributes": {
            "content": "dogs",
            "content_base64": null,
            "content_base64sha256": "I7zS2D1MDycGQOxly+thoXhIViVcPJjdJew0BFNFg0g=",
            "content_base64sha512": "4BHzxcYzQuNtdX5mibj2FSOakpMglh0d47VjRa+j1RVL0YWwnny9/6rwbM0ZR1IwKEmH6vd2iLYiNhcsaQbjxw==",
            "content_md5": "d28d2d3560fa76f0dbb1a452f8c38169",
            "content_sha1": "cc90fda9b1a7483de0af0a2364167decfdb1d247",
            "content_sha256": "23bcd2d83d4c0f270640ec65cbeb61a1784856255c3c98dd25ec340453458348",
            "content_sha512": "e011f3c5c63342e36d757e6689b8f615239a929320961d1de3b56345afa3d5154bd185b09e7cbdffaaf06ccd19475230284987eaf77688b62236172c6906e3c7",
            "directory_permission": "0777",
            "file_permission": "0777",
            "filename": "def.txt",
            "id": "cc90fda9b1a7483de0af0a2364167decfdb1d247",
            "sensitive_content": null,
            "source": null
          },
          "sensitive_attributes": [
            [
              {
                "type": "get_attr",
                "value": "sensitive_content"
              }
            ]
          ]
        }
      ]
    }
  ],
  "check_results": null
}
