{
  "version": 4,
  "terraform_version": "1.9.7",
  "serial": 1,
  "lineage": "a4977c99-300e-f565-f020-ecae35a30f21",
  "outputs": {},
  "resources": [
    {
      "mode": "managed",
      "type": "local_file",
      "name": "pets",
      "provider": "provider[\"registry.terraform.io/hashicorp/local\"]",
      "instances": [
        {
          "index_key": "cat.txt",
          "schema_version": 0,
          "attributes": {
            "content": "Testing terraform for each",
            "content_base64": null,
            "content_base64sha256": "t+CHXBob5J7CuBwK/0GoQnZ5WZ2lSOmOPOgGga59RYY=",
            "content_base64sha512": "Z30vku8dvRzEh+pr8ih0I64LhXwQGrRLqpvb93Up0fYWNQFMLskdTXLFVj5BsoZrjk5lHW9w/CYZM7FBCHwhAg==",
            "content_md5": "999b6c915e00cb64dd7f9e62fba752b9",
            "content_sha1": "bdf7d811cc7b8a5300026605c5415fc335f796ad",
            "content_sha256": "b7e0875c1a1be49ec2b81c0aff41a8427679599da548e98e3ce80681ae7d4586",
            "content_sha512": "677d2f92ef1dbd1cc487ea6bf2287423ae0b857c101ab44baa9bdbf77529d1f61635014c2ec91d4d72c5563e41b2866b8e4e651d6f70fc261933b141087c2102",
            "directory_permission": "0777",
            "file_permission": "0777",
            "filename": "cat.txt",
            "id": "bdf7d811cc7b8a5300026605c5415fc335f796ad",
            "sensitive_content": null,
            "source": null
          },
          "sensitive_attributes": [
            [
              {
                "type": "get_attr",
                "value": "sensitive_content"
              }
            ]
          ]
        },
        {
          "index_key": "cows.txt",
          "schema_version": 0,
          "attributes": {
            "content": "Testing terraform for each",
            "content_base64": null,
            "content_base64sha256": "t+CHXBob5J7CuBwK/0GoQnZ5WZ2lSOmOPOgGga59RYY=",
            "content_base64sha512": "Z30vku8dvRzEh+pr8ih0I64LhXwQGrRLqpvb93Up0fYWNQFMLskdTXLFVj5BsoZrjk5lHW9w/CYZM7FBCHwhAg==",
            "content_md5": "999b6c915e00cb64dd7f9e62fba752b9",
            "content_sha1": "bdf7d811cc7b8a5300026605c5415fc335f796ad",
            "content_sha256": "b7e0875c1a1be49ec2b81c0aff41a8427679599da548e98e3ce80681ae7d4586",
            "content_sha512": "677d2f92ef1dbd1cc487ea6bf2287423ae0b857c101ab44baa9bdbf77529d1f61635014c2ec91d4d72c5563e41b2866b8e4e651d6f70fc261933b141087c2102",
            "directory_permission": "0777",
            "file_permission": "0777",
            "filename": "cows.txt",
            "id": "bdf7d811cc7b8a5300026605c5415fc335f796ad",
            "sensitive_content": null,
            "source": null
          },
          "sensitive_attributes": [
            [
              {
                "type": "get_attr",
                "value": "sensitive_content"
              }
            ]
          ]
        },
        {
          "index_key": "dogs.txt",
          "schema_version": 0,
          "attributes": {
            "content": "Testing terraform for each",
            "content_base64": null,
            "content_base64sha256": "t+CHXBob5J7CuBwK/0GoQnZ5WZ2lSOmOPOgGga59RYY=",
            "content_base64sha512": "Z30vku8dvRzEh+pr8ih0I64LhXwQGrRLqpvb93Up0fYWNQFMLskdTXLFVj5BsoZrjk5lHW9w/CYZM7FBCHwhAg==",
            "content_md5": "999b6c915e00cb64dd7f9e62fba752b9",
            "content_sha1": "bdf7d811cc7b8a5300026605c5415fc335f796ad",
            "content_sha256": "b7e0875c1a1be49ec2b81c0aff41a8427679599da548e98e3ce80681ae7d4586",
            "content_sha512": "677d2f92ef1dbd1cc487ea6bf2287423ae0b857c101ab44baa9bdbf77529d1f61635014c2ec91d4d72c5563e41b2866b8e4e651d6f70fc261933b141087c2102",
            "directory_permission": "0777",
            "file_permission": "0777",
            "filename": "dogs.txt",
            "id": "bdf7d811cc7b8a5300026605c5415fc335f796ad",
            "sensitive_content": null,
            "source": null
          },
          "sensitive_attributes": [
            [
              {
                "type": "get_attr",
                "value": "sensitive_content"
              }
            ]
          ]
        }
      ]
    }
  ],
  "check_results": null
}
